
Microsoft Visual Studio Solution File, Format Version 12.00
# Visual Studio 14
VisualStudioVersion = 14.0.25420.1
MinimumVisualStudioVersion = 10.0.40219.1
Project("{FAE04EC0-301F-11D3-BF4B-00C04F79EFBC}") = "W4rSyst3m.Tools.Utilities", "W4rSyst3m.Tools.Utilities\W4rSyst3m.Tools.Utilities.csproj", "{32B2812A-FACD-47F1-B021-6067BDE5A27B}"
EndProject
Project("{2150E333-8FDC-42A3-9474-1A3956D46DE8}") = "Tests", "Tests", "{0DDA7C1D-29B8-4F69-BB34-561262EED289}"
EndProject
Project("{FAE04EC0-301F-11D3-BF4B-00C04F79EFBC}") = "W4rSyst3m.Tools.Utilities.Test", "W4rSyst3m.Tools.Utilities.Test\W4rSyst3m.Tools.Utilities.Test.csproj", "{DF64F441-6013-4B40-8B4B-D70A2E8CED16}"
EndProject
Project("{FAE04EC0-301F-11D3-BF4B-00C04F79EFBC}") = "W4rSyst3m.Tools.TestUtilities", "W4rSyst3m.Tools.TestUtilities\W4rSyst3m.Tools.TestUtilities.csproj", "{738B834D-6495-43CD-8D03-F253301C4432}"
EndProject
Project("{FAE04EC0-301F-11D3-BF4B-00C04F79EFBC}") = "W4rSyst3m.Tools.TestUtilities.Integration", "W4rSyst3m.Tools.TestUtilities.Integration\W4rSyst3m.Tools.TestUtilities.Integration.csproj", "{31026C0C-A651-4F87-B1E0-D801D5907A30}"
EndProject
Project("{FAE04EC0-301F-11D3-BF4B-00C04F79EFBC}") = "W4rSyst3m.Tools.TestUtilities.Common", "W4rSyst3m.Tools.TestUtilities.Common\W4rSyst3m.Tools.TestUtilities.Common.csproj", "{5620585A-812E-4F5B-9B6C-F6686F728A12}"
EndProject
Project("{FAE04EC0-301F-11D3-BF4B-00C04F79EFBC}") = "W4rSyst3m.Tools.TestUtilities.Common.Tests", "W4rSyst3m.Tools.TestUtilities.Common.Tests\W4rSyst3m.Tools.TestUtilities.Common.Tests.csproj", "{5F3016A1-B2D7-4AC6-93B1-20095B72FF45}"
EndProject
Global
	GlobalSection(SolutionConfigurationPlatforms) = preSolution
		Debug|Any CPU = Debug|Any CPU
		Release|Any CPU = Release|Any CPU
	EndGlobalSection
	GlobalSection(ProjectConfigurationPlatforms) = postSolution
		{32B2812A-FACD-47F1-B021-6067BDE5A27B}.Debug|Any CPU.ActiveCfg = Debug|Any CPU
		{32B2812A-FACD-47F1-B021-6067BDE5A27B}.Debug|Any CPU.Build.0 = Debug|Any CPU
		{32B2812A-FACD-47F1-B021-6067BDE5A27B}.Release|Any CPU.ActiveCfg = Release|Any CPU
		{32B2812A-FACD-47F1-B021-6067BDE5A27B}.Release|Any CPU.Build.0 = Release|Any CPU
		{DF64F441-6013-4B40-8B4B-D70A2E8CED16}.Debug|Any CPU.ActiveCfg = Debug|Any CPU
		{DF64F441-6013-4B40-8B4B-D70A2E8CED16}.Debug|Any CPU.Build.0 = Debug|Any CPU
		{DF64F441-6013-4B40-8B4B-D70A2E8CED16}.Release|Any CPU.ActiveCfg = Release|Any CPU
		{DF64F441-6013-4B40-8B4B-D70A2E8CED16}.Release|Any CPU.Build.0 = Release|Any CPU
		{738B834D-6495-43CD-8D03-F253301C4432}.Debug|Any CPU.ActiveCfg = Debug|Any CPU
		{738B834D-6495-43CD-8D03-F253301C4432}.Debug|Any CPU.Build.0 = Debug|Any CPU
		{738B834D-6495-43CD-8D03-F253301C4432}.Release|Any CPU.ActiveCfg = Release|Any CPU
		{738B834D-6495-43CD-8D03-F253301C4432}.Release|Any CPU.Build.0 = Release|Any CPU
		{31026C0C-A651-4F87-B1E0-D801D5907A30}.Debug|Any CPU.ActiveCfg = Debug|Any CPU
		{31026C0C-A651-4F87-B1E0-D801D5907A30}.Debug|Any CPU.Build.0 = Debug|Any CPU
		{31026C0C-A651-4F87-B1E0-D801D5907A30}.Release|Any CPU.ActiveCfg = Release|Any CPU
		{31026C0C-A651-4F87-B1E0-D801D5907A30}.Release|Any CPU.Build.0 = Release|Any CPU
		{5620585A-812E-4F5B-9B6C-F6686F728A12}.Debug|Any CPU.ActiveCfg = Debug|Any CPU
		{5620585A-812E-4F5B-9B6C-F6686F728A12}.Debug|Any CPU.Build.0 = Debug|Any CPU
		{5620585A-812E-4F5B-9B6C-F6686F728A12}.Release|Any CPU.ActiveCfg = Release|Any CPU
		{5620585A-812E-4F5B-9B6C-F6686F728A12}.Release|Any CPU.Build.0 = Release|Any CPU
		{5F3016A1-B2D7-4AC6-93B1-20095B72FF45}.Debug|Any CPU.ActiveCfg = Debug|Any CPU
		{5F3016A1-B2D7-4AC6-93B1-20095B72FF45}.Debug|Any CPU.Build.0 = Debug|Any CPU
		{5F3016A1-B2D7-4AC6-93B1-20095B72FF45}.Release|Any CPU.ActiveCfg = Release|Any CPU
		{5F3016A1-B2D7-4AC6-93B1-20095B72FF45}.Release|Any CPU.Build.0 = Release|Any CPU
	EndGlobalSection
	GlobalSection(SolutionProperties) = preSolution
		HideSolutionNode = FALSE
	EndGlobalSection
	GlobalSection(NestedProjects) = preSolution
		{DF64F441-6013-4B40-8B4B-D70A2E8CED16} = {0DDA7C1D-29B8-4F69-BB34-561262EED289}
		{5F3016A1-B2D7-4AC6-93B1-20095B72FF45} = {0DDA7C1D-29B8-4F69-BB34-561262EED289}
	EndGlobalSection
EndGlobal
